// !$*UTF8*$!
{
	archiveVersion = 1;
	classes = {
	};
	objectVersion = 46;
	objects = {

/* Begin PBXBuildFile section */
		83193FE41AEC115700EB3A44 /* play.pdf in Resources */ = {isa = PBXBuildFile; fileRef = 83193FE21AEC115700EB3A44 /* play.pdf */; };
		831F5A371AF8055D0060E762 /* ActionWindowController.mm in Sources */ = {isa = PBXBuildFile; fileRef = 831F5A361AF8055D0060E762 /* ActionWindowController.mm */; };
		831F5A3B1AF8057E0060E762 /* ActionWindowController.xib in Resources */ = {isa = PBXBuildFile; fileRef = 831F5A3A1AF8057E0060E762 /* ActionWindowController.xib */; };
		832283B91B02864A006AA266 /* PaletteView.mm in Sources */ = {isa = PBXBuildFile; fileRef = 832283B81B02864A006AA266 /* PaletteView.mm */; };
		8332CCF319F0785400D153D9 /* ItemsController.mm in Sources */ = {isa = PBXBuildFile; fileRef = 8332CCF119F0785400D153D9 /* ItemsController.mm */; };
		8332CCF419F0785400D153D9 /* ItemsController.xib in Resources */ = {isa = PBXBuildFile; fileRef = 8332CCF219F0785400D153D9 /* ItemsController.xib */; };
		8332CCF919F07EBA00D153D9 /* SoundsController.mm in Sources */ = {isa = PBXBuildFile; fileRef = 8332CCF719F07EBA00D153D9 /* SoundsController.mm */; };
		8332CCFA19F07EBA00D153D9 /* SoundsController.xib in Resources */ = {isa = PBXBuildFile; fileRef = 8332CCF819F07EBA00D153D9 /* SoundsController.xib */; };
		8332CCFE19F0812900D153D9 /* CharsController.mm in Sources */ = {isa = PBXBuildFile; fileRef = 8332CCFC19F0812900D153D9 /* CharsController.mm */; };
		8332CCFF19F0812900D153D9 /* CharsController.xib in Resources */ = {isa = PBXBuildFile; fileRef = 8332CCFD19F0812900D153D9 /* CharsController.xib */; };
		8339518F1AF2A25200BD4C60 /* MainMenu.xib in Resources */ = {isa = PBXBuildFile; fileRef = 83D4A54319EC436800AA73A0 /* MainMenu.xib */; };
		833A25051B8CED1800347930 /* SaveGameWindowController.mm in Sources */ = {isa = PBXBuildFile; fileRef = 833A25031B8CED1800347930 /* SaveGameWindowController.mm */; };
		833A25061B8CED1800347930 /* SaveGameWindowController.xib in Resources */ = {isa = PBXBuildFile; fileRef = 833A25041B8CED1800347930 /* SaveGameWindowController.xib */; };
		833BECDD1B3C905400E2784B /* OpenGLRenderer.cpp in Sources */ = {isa = PBXBuildFile; fileRef = 833BECDB1B3C905400E2784B /* OpenGLRenderer.cpp */; };
		833DCEE01B4EF2190069D420 /* NSNumber+StringReading.m in Sources */ = {isa = PBXBuildFile; fileRef = 833DCEDF1B4EF2190069D420 /* NSNumber+StringReading.m */; };
		834A24581B3FFA1F00DD3E26 /* CocoaSoundMixer.mm in Sources */ = {isa = PBXBuildFile; fileRef = 838FC8D61B3DC73000B4FDE7 /* CocoaSoundMixer.mm */; };
		835789721AE3B7BF0070EC21 /* DASpeechContoller.m in Sources */ = {isa = PBXBuildFile; fileRef = 835789701AE3B7BE0070EC21 /* DASpeechContoller.m */; };
		835789731AE3B7BF0070EC21 /* DASpeechContoller.xib in Resources */ = {isa = PBXBuildFile; fileRef = 835789711AE3B7BF0070EC21 /* DASpeechContoller.xib */; };
		835789761AE3CCB60070EC21 /* DADisabledScrollView.m in Sources */ = {isa = PBXBuildFile; fileRef = 835789751AE3CCB60070EC21 /* DADisabledScrollView.m */; };
		835E17A91B1B9CF0004A981E /* Desktop_Adventure_Tests.m in Sources */ = {isa = PBXBuildFile; fileRef = 835E17A81B1B9CF0004A981E /* Desktop_Adventure_Tests.m */; };
		835E17B01B1B9D2F004A981E /* DirectionTest.mm in Sources */ = {isa = PBXBuildFile; fileRef = 835E17AF1B1B9D2F004A981E /* DirectionTest.mm */; };
		835E17B41B1BB7A1004A981E /* CocoaInputManager.mm in Sources */ = {isa = PBXBuildFile; fileRef = 835E17B21B1BB7A1004A981E /* CocoaInputManager.mm */; };
		83645C091CB106FE00845F16 /* MapGeneration.mm in Sources */ = {isa = PBXBuildFile; fileRef = 83645C071CB106FE00845F16 /* MapGeneration.mm */; };
		83645C0A1CB106FE00845F16 /* MapGeneration.xib in Resources */ = {isa = PBXBuildFile; fileRef = 83645C081CB106FE00845F16 /* MapGeneration.xib */; };
		83645C0D1CB1096400845F16 /* MapView.mm in Sources */ = {isa = PBXBuildFile; fileRef = 83645C0C1CB1096400845F16 /* MapView.mm */; };
		83645C251CB120E700845F16 /* map.c in Sources */ = {isa = PBXBuildFile; fileRef = 83645C171CB120E600845F16 /* map.c */; };
		83645C281CB120E700845F16 /* win_rand.c in Sources */ = {isa = PBXBuildFile; fileRef = 83645C1F1CB120E700845F16 /* win_rand.c */; };
		83645C361CB1325100845F16 /* YodaDocument.cpp in Sources */ = {isa = PBXBuildFile; fileRef = 83645C341CB1325100845F16 /* YodaDocument.cpp */; };
		83645C4D1CB139A700845F16 /* Map.cpp in Sources */ = {isa = PBXBuildFile; fileRef = 83645C4B1CB139A700845F16 /* Map.cpp */; };
		8365D04D1AC86DC90031E23E /* PuzzleWindowController.mm in Sources */ = {isa = PBXBuildFile; fileRef = 8365D04B1AC86DC90031E23E /* PuzzleWindowController.mm */; };
		8365D04E1AC86DC90031E23E /* PuzzleWindowController.xib in Resources */ = {isa = PBXBuildFile; fileRef = 8365D04C1AC86DC90031E23E /* PuzzleWindowController.xib */; };
		8374EAA21B35AD3C00B90F60 /* DeskFunUI.framework in Frameworks */ = {isa = PBXBuildFile; fileRef = 8374EAA11B35AD3C00B90F60 /* DeskFunUI.framework */; };
		837D7E961B0482C40006BB19 /* TileLayer.mm in Sources */ = {isa = PBXBuildFile; fileRef = 837D7E951B0482C40006BB19 /* TileLayer.mm */; };
		837D7E9B1B048C430006BB19 /* LoadingView.m in Sources */ = {isa = PBXBuildFile; fileRef = 837D7E9A1B048C430006BB19 /* LoadingView.m */; };
		83C0907A1AE2A37600D5CD23 /* DASpeechBubbleWindow.m in Sources */ = {isa = PBXBuildFile; fileRef = 83C090791AE2A37600D5CD23 /* DASpeechBubbleWindow.m */; };
		83C090891AE2B37200D5CD23 /* DASpeechBubbleView.m in Sources */ = {isa = PBXBuildFile; fileRef = 83C090881AE2B37200D5CD23 /* DASpeechBubbleView.m */; };
		83C248D51B23AB550024C087 /* HostCallbacks.mm in Sources */ = {isa = PBXBuildFile; fileRef = 83C248D31B23AB550024C087 /* HostCallbacks.mm */; };
		83C46B721B35EBBB00E73B02 /* libdfengine-osx.a in Frameworks */ = {isa = PBXBuildFile; fileRef = 83C46B6F1B35EBAF00E73B02 /* libdfengine-osx.a */; };
		83CAF1E819F0343A002BF7C1 /* TileCollectionView.mm in Sources */ = {isa = PBXBuildFile; fileRef = 83CAF1E719F0343A002BF7C1 /* TileCollectionView.mm */; };
		83D4A53E19EC436800AA73A0 /* AppDelegate.m in Sources */ = {isa = PBXBuildFile; fileRef = 83D4A53D19EC436800AA73A0 /* AppDelegate.m */; };
		83D4A54019EC436800AA73A0 /* main.m in Sources */ = {isa = PBXBuildFile; fileRef = 83D4A53F19EC436800AA73A0 /* main.m */; };
		83D4A54219EC436800AA73A0 /* Images.xcassets in Resources */ = {isa = PBXBuildFile; fileRef = 83D4A54119EC436800AA73A0 /* Images.xcassets */; };
		83D4A59119EC45F300AA73A0 /* DAGameWindowController.mm in Sources */ = {isa = PBXBuildFile; fileRef = 83D4A57D19EC45F300AA73A0 /* DAGameWindowController.mm */; };
		83D4A59219EC45F300AA73A0 /* DAGameWindowController.xib in Resources */ = {isa = PBXBuildFile; fileRef = 83D4A57E19EC45F300AA73A0 /* DAGameWindowController.xib */; };
		83D4A59D19EC463200AA73A0 /* DASceneView.mm in Sources */ = {isa = PBXBuildFile; fileRef = 83D4A59C19EC463200AA73A0 /* DASceneView.mm */; };
		83DAAC291B1CD929007CA000 /* DACursor.mm in Sources */ = {isa = PBXBuildFile; fileRef = 83DAAC281B1CD929007CA000 /* DACursor.mm */; };
		83DAAC311B1CE9C4007CA000 /* east.pdf in Resources */ = {isa = PBXBuildFile; fileRef = 83DAAC2A1B1CE9C4007CA000 /* east.pdf */; };
		83DAAC321B1CE9C4007CA000 /* north.pdf in Resources */ = {isa = PBXBuildFile; fileRef = 83DAAC2B1B1CE9C4007CA000 /* north.pdf */; };
		83DAAC331B1CE9C4007CA000 /* north-east.pdf in Resources */ = {isa = PBXBuildFile; fileRef = 83DAAC2C1B1CE9C4007CA000 /* north-east.pdf */; };
		83DAAC341B1CE9C4007CA000 /* north-west.pdf in Resources */ = {isa = PBXBuildFile; fileRef = 83DAAC2D1B1CE9C4007CA000 /* north-west.pdf */; };
		83DAAC351B1CE9C4007CA000 /* south.pdf in Resources */ = {isa = PBXBuildFile; fileRef = 83DAAC2E1B1CE9C4007CA000 /* south.pdf */; };
		83DAAC361B1CE9C4007CA000 /* south-east.pdf in Resources */ = {isa = PBXBuildFile; fileRef = 83DAAC2F1B1CE9C4007CA000 /* south-east.pdf */; };
		83DAAC371B1CE9C4007CA000 /* south-west.pdf in Resources */ = {isa = PBXBuildFile; fileRef = 83DAAC301B1CE9C4007CA000 /* south-west.pdf */; };
		83DAAC391B1CE9DC007CA000 /* cursors.plist in Resources */ = {isa = PBXBuildFile; fileRef = 83DAAC381B1CE9DC007CA000 /* cursors.plist */; };
		83DAAC3B1B1CF6CA007CA000 /* west.pdf in Resources */ = {isa = PBXBuildFile; fileRef = 83DAAC3A1B1CF6CA007CA000 /* west.pdf */; };
		83DAAC3D1B1D010C007CA000 /* block.pdf in Resources */ = {isa = PBXBuildFile; fileRef = 83DAAC3C1B1D010C007CA000 /* block.pdf */; };
		83E192F21AC833BE00E9C2BA /* ZoneWindowController.mm in Sources */ = {isa = PBXBuildFile; fileRef = 83E192F01AC833BE00E9C2BA /* ZoneWindowController.mm */; };
		83E192F31AC833BE00E9C2BA /* ZoneWindowController.xib in Resources */ = {isa = PBXBuildFile; fileRef = 83E192F11AC833BE00E9C2BA /* ZoneWindowController.xib */; };
		83E192F71AC8345A00E9C2BA /* ZoneView.mm in Sources */ = {isa = PBXBuildFile; fileRef = 83E192F61AC8345A00E9C2BA /* ZoneView.mm */; };
		83E3171B19F0134C000476AB /* TileWindowController.mm in Sources */ = {isa = PBXBuildFile; fileRef = 83E3171919F0134C000476AB /* TileWindowController.mm */; };
		83E3171C19F0134C000476AB /* TileWindowController.xib in Resources */ = {isa = PBXBuildFile; fileRef = 83E3171A19F0134C000476AB /* TileWindowController.xib */; };
		83E3172119F013A0000476AB /* TileView.mm in Sources */ = {isa = PBXBuildFile; fileRef = 83E3172019F013A0000476AB /* TileView.mm */; };
		83F177E21BEBD62E00AD7832 /* DeskFunUI.framework in Copy Frameworks */ = {isa = PBXBuildFile; fileRef = 8374EAAA1B35AD5600B90F60 /* DeskFunUI.framework */; settings = {ATTRIBUTES = (CodeSignOnCopy, RemoveHeadersOnCopy, ); }; };
		83F1C0991B20463500790D45 /* pause.png in Resources */ = {isa = PBXBuildFile; fileRef = 83F1C0981B20463500790D45 /* pause.png */; };
		83F809141AFF8C35005A9001 /* SetupWindowController.mm in Sources */ = {isa = PBXBuildFile; fileRef = 83F809121AFF8C35005A9001 /* SetupWindowController.mm */; };
		83F809151AFF8C35005A9001 /* SetupWindowController.xib in Resources */ = {isa = PBXBuildFile; fileRef = 83F809131AFF8C35005A9001 /* SetupWindowController.xib */; };
/* End PBXBuildFile section */

/* Begin PBXContainerItemProxy section */
		835E17AA1B1B9CF0004A981E /* PBXContainerItemProxy */ = {
			isa = PBXContainerItemProxy;
			containerPortal = 83D4A52F19EC436800AA73A0 /* Project object */;
			proxyType = 1;
			remoteGlobalIDString = 83D4A53619EC436800AA73A0;
			remoteInfo = "Desktop Adventure";
		};
		8374EAA91B35AD5600B90F60 /* PBXContainerItemProxy */ = {
			isa = PBXContainerItemProxy;
			containerPortal = 8374EAA41B35AD5600B90F60 /* DeskFunUI.xcodeproj */;
			proxyType = 2;
			remoteGlobalIDString = 83CDD9E01B3554BE008DEF61;
			remoteInfo = DeskFunUI;
		};
		8374EAAB1B35AD5600B90F60 /* PBXContainerItemProxy */ = {
			isa = PBXContainerItemProxy;
			containerPortal = 8374EAA41B35AD5600B90F60 /* DeskFunUI.xcodeproj */;
			proxyType = 2;
			remoteGlobalIDString = 831B4FF51B35A6F500B7A840;
			remoteInfo = DeskFunTouchUI;
		};
		8374EAAD1B35AD5A00B90F60 /* PBXContainerItemProxy */ = {
			isa = PBXContainerItemProxy;
			containerPortal = 8374EAA41B35AD5600B90F60 /* DeskFunUI.xcodeproj */;
			proxyType = 1;
			remoteGlobalIDString = 83CDD9DF1B3554BE008DEF61;
			remoteInfo = DeskFunUI;
		};
		83C46B0A1B35CF4200E73B02 /* PBXContainerItemProxy */ = {
			isa = PBXContainerItemProxy;
			containerPortal = 83C46B061B35CF4100E73B02 /* DeskFun Engine.xcodeproj */;
			proxyType = 2;
			remoteGlobalIDString = 83C46AFB1B35CEB200E73B02;
			remoteInfo = dfengine;
		};
		83C46B6E1B35EBAF00E73B02 /* PBXContainerItemProxy */ = {
			isa = PBXContainerItemProxy;
			containerPortal = 83C46B061B35CF4100E73B02 /* DeskFun Engine.xcodeproj */;
			proxyType = 2;
			remoteGlobalIDString = 83C46B6C1B35EB9C00E73B02;
			remoteInfo = "dfengine-osx";
		};
		83C46B701B35EBB100E73B02 /* PBXContainerItemProxy */ = {
			isa = PBXContainerItemProxy;
			containerPortal = 83C46B061B35CF4100E73B02 /* DeskFun Engine.xcodeproj */;
			proxyType = 1;
			remoteGlobalIDString = 83C46B621B35EB9C00E73B02;
			remoteInfo = "dfengine-osx";
		};
/* End PBXContainerItemProxy section */

/* Begin PBXCopyFilesBuildPhase section */
		83CDDA611B35572A008DEF61 /* Copy Frameworks */ = {
			isa = PBXCopyFilesBuildPhase;
			buildActionMask = 2147483647;
			dstPath = "";
			dstSubfolderSpec = 10;
			files = (
				83F177E21BEBD62E00AD7832 /* DeskFunUI.framework in Copy Frameworks */,
			);
			name = "Copy Frameworks";
			runOnlyForDeploymentPostprocessing = 0;
		};
/* End PBXCopyFilesBuildPhase section */

/* Begin PBXFileReference section */
		83193FE21AEC115700EB3A44 /* play.pdf */ = {isa = PBXFileReference; lastKnownFileType = image.pdf; path = play.pdf; sourceTree = "<group>"; };
		831F5A351AF8055D0060E762 /* ActionWindowController.h */ = {isa = PBXFileReference; fileEncoding = 4; lastKnownFileType = sourcecode.c.h; path = ActionWindowController.h; sourceTree = "<group>"; };
		831F5A361AF8055D0060E762 /* ActionWindowController.mm */ = {isa = PBXFileReference; fileEncoding = 4; lastKnownFileType = sourcecode.cpp.objcpp; path = ActionWindowController.mm; sourceTree = "<group>"; };
		831F5A3A1AF8057E0060E762 /* ActionWindowController.xib */ = {isa = PBXFileReference; fileEncoding = 4; lastKnownFileType = file.xib; path = ActionWindowController.xib; sourceTree = "<group>"; };
		832283B71B02864A006AA266 /* PaletteView.h */ = {isa = PBXFileReference; fileEncoding = 4; lastKnownFileType = sourcecode.c.h; path = PaletteView.h; sourceTree = "<group>"; };
		832283B81B02864A006AA266 /* PaletteView.mm */ = {isa = PBXFileReference; fileEncoding = 4; lastKnownFileType = sourcecode.cpp.objcpp; path = PaletteView.mm; sourceTree = "<group>"; };
		8332CCF019F0785400D153D9 /* ItemsController.h */ = {isa = PBXFileReference; fileEncoding = 4; lastKnownFileType = sourcecode.c.h; path = ItemsController.h; sourceTree = "<group>"; };
		8332CCF119F0785400D153D9 /* ItemsController.mm */ = {isa = PBXFileReference; fileEncoding = 4; lastKnownFileType = sourcecode.cpp.objcpp; path = ItemsController.mm; sourceTree = "<group>"; };
		8332CCF219F0785400D153D9 /* ItemsController.xib */ = {isa = PBXFileReference; fileEncoding = 4; lastKnownFileType = file.xib; path = ItemsController.xib; sourceTree = "<group>"; };
		8332CCF619F07EBA00D153D9 /* SoundsController.h */ = {isa = PBXFileReference; fileEncoding = 4; lastKnownFileType = sourcecode.c.h; path = SoundsController.h; sourceTree = "<group>"; };
		8332CCF719F07EBA00D153D9 /* SoundsController.mm */ = {isa = PBXFileReference; fileEncoding = 4; lastKnownFileType = sourcecode.cpp.objcpp; path = SoundsController.mm; sourceTree = "<group>"; };
		8332CCF819F07EBA00D153D9 /* SoundsController.xib */ = {isa = PBXFileReference; fileEncoding = 4; lastKnownFileType = file.xib; path = SoundsController.xib; sourceTree = "<group>"; };
		8332CCFB19F0812900D153D9 /* CharsController.h */ = {isa = PBXFileReference; fileEncoding = 4; lastKnownFileType = sourcecode.c.h; path = CharsController.h; sourceTree = "<group>"; };
		8332CCFC19F0812900D153D9 /* CharsController.mm */ = {isa = PBXFileReference; fileEncoding = 4; lastKnownFileType = sourcecode.cpp.objcpp; path = CharsController.mm; sourceTree = "<group>"; };
		8332CCFD19F0812900D153D9 /* CharsController.xib */ = {isa = PBXFileReference; fileEncoding = 4; lastKnownFileType = file.xib; path = CharsController.xib; sourceTree = "<group>"; };
		833A25021B8CED1800347930 /* SaveGameWindowController.h */ = {isa = PBXFileReference; fileEncoding = 4; lastKnownFileType = sourcecode.c.h; path = SaveGameWindowController.h; sourceTree = "<group>"; };
		833A25031B8CED1800347930 /* SaveGameWindowController.mm */ = {isa = PBXFileReference; fileEncoding = 4; lastKnownFileType = sourcecode.cpp.objcpp; path = SaveGameWindowController.mm; sourceTree = "<group>"; };
		833A25041B8CED1800347930 /* SaveGameWindowController.xib */ = {isa = PBXFileReference; fileEncoding = 4; lastKnownFileType = file.xib; path = SaveGameWindowController.xib; sourceTree = "<group>"; };
		833BECD31B3C903700E2784B /* indy demo.data */ = {isa = PBXFileReference; lastKnownFileType = file; name = "indy demo.data"; path = "../../../Game Data/indy demo.data"; sourceTree = "<group>"; };
		833BECD41B3C903700E2784B /* indy.data */ = {isa = PBXFileReference; lastKnownFileType = file; name = indy.data; path = "../../../Game Data/indy.data"; sourceTree = "<group>"; };
		833BECD51B3C903700E2784B /* yoda demo.data */ = {isa = PBXFileReference; lastKnownFileType = file; name = "yoda demo.data"; path = "../../../Game Data/yoda demo.data"; sourceTree = "<group>"; };
		833BECD61B3C903700E2784B /* yoda.data */ = {isa = PBXFileReference; lastKnownFileType = file; name = yoda.data; path = "../../../Game Data/yoda.data"; sourceTree = "<group>"; };
		833BECDB1B3C905400E2784B /* OpenGLRenderer.cpp */ = {isa = PBXFileReference; fileEncoding = 4; lastKnownFileType = sourcecode.cpp.cpp; path = OpenGLRenderer.cpp; sourceTree = "<group>"; };
		833BECDC1B3C905400E2784B /* OpenGLRenderer.hpp */ = {isa = PBXFileReference; fileEncoding = 4; lastKnownFileType = sourcecode.cpp.h; path = OpenGLRenderer.hpp; sourceTree = "<group>"; };
		833DCEDE1B4EF2190069D420 /* NSNumber+StringReading.h */ = {isa = PBXFileReference; fileEncoding = 4; lastKnownFileType = sourcecode.c.h; path = "NSNumber+StringReading.h"; sourceTree = "<group>"; };
		833DCEDF1B4EF2190069D420 /* NSNumber+StringReading.m */ = {isa = PBXFileReference; fileEncoding = 4; lastKnownFileType = sourcecode.c.objc; path = "NSNumber+StringReading.m"; sourceTree = "<group>"; };
		8357896F1AE3B7BE0070EC21 /* DASpeechContoller.h */ = {isa = PBXFileReference; fileEncoding = 4; lastKnownFileType = sourcecode.c.h; path = DASpeechContoller.h; sourceTree = "<group>"; };
		835789701AE3B7BE0070EC21 /* DASpeechContoller.m */ = {isa = PBXFileReference; fileEncoding = 4; lastKnownFileType = sourcecode.c.objc; path = DASpeechContoller.m; sourceTree = "<group>"; };
		835789711AE3B7BF0070EC21 /* DASpeechContoller.xib */ = {isa = PBXFileReference; fileEncoding = 4; lastKnownFileType = file.xib; path = DASpeechContoller.xib; sourceTree = "<group>"; };
		835789741AE3CCB60070EC21 /* DADisabledScrollView.h */ = {isa = PBXFileReference; fileEncoding = 4; lastKnownFileType = sourcecode.c.h; path = DADisabledScrollView.h; sourceTree = "<group>"; };
		835789751AE3CCB60070EC21 /* DADisabledScrollView.m */ = {isa = PBXFileReference; fileEncoding = 4; lastKnownFileType = sourcecode.c.objc; path = DADisabledScrollView.m; sourceTree = "<group>"; };
		835E17A41B1B9CF0004A981E /* DeskFun X.xctest */ = {isa = PBXFileReference; explicitFileType = wrapper.cfbundle; includeInIndex = 0; path = "DeskFun X.xctest"; sourceTree = BUILT_PRODUCTS_DIR; };
		835E17A71B1B9CF0004A981E /* Info.plist */ = {isa = PBXFileReference; lastKnownFileType = text.plist.xml; path = Info.plist; sourceTree = "<group>"; };
		835E17A81B1B9CF0004A981E /* Desktop_Adventure_Tests.m */ = {isa = PBXFileReference; lastKnownFileType = sourcecode.c.objc; path = Desktop_Adventure_Tests.m; sourceTree = "<group>"; };
		835E17AF1B1B9D2F004A981E /* DirectionTest.mm */ = {isa = PBXFileReference; fileEncoding = 4; lastKnownFileType = sourcecode.cpp.objcpp; path = DirectionTest.mm; sourceTree = "<group>"; };
		835E17B21B1BB7A1004A981E /* CocoaInputManager.mm */ = {isa = PBXFileReference; fileEncoding = 4; lastKnownFileType = sourcecode.cpp.objcpp; path = CocoaInputManager.mm; sourceTree = "<group>"; };
		835E17B31B1BB7A1004A981E /* CocoaInputManager.hpp */ = {isa = PBXFileReference; fileEncoding = 4; lastKnownFileType = sourcecode.cpp.h; path = CocoaInputManager.hpp; sourceTree = "<group>"; };
		83645C061CB106FE00845F16 /* MapGeneration.h */ = {isa = PBXFileReference; fileEncoding = 4; lastKnownFileType = sourcecode.c.h; path = MapGeneration.h; sourceTree = "<group>"; };
		83645C071CB106FE00845F16 /* MapGeneration.mm */ = {isa = PBXFileReference; fileEncoding = 4; lastKnownFileType = sourcecode.cpp.objcpp; path = MapGeneration.mm; sourceTree = "<group>"; };
		83645C081CB106FE00845F16 /* MapGeneration.xib */ = {isa = PBXFileReference; fileEncoding = 4; lastKnownFileType = file.xib; path = MapGeneration.xib; sourceTree = "<group>"; };
		83645C0B1CB1096400845F16 /* MapView.h */ = {isa = PBXFileReference; fileEncoding = 4; lastKnownFileType = sourcecode.c.h; path = MapView.h; sourceTree = "<group>"; };
		83645C0C1CB1096400845F16 /* MapView.mm */ = {isa = PBXFileReference; fileEncoding = 4; lastKnownFileType = sourcecode.cpp.objcpp; path = MapView.mm; sourceTree = "<group>"; };
		83645C171CB120E600845F16 /* map.c */ = {isa = PBXFileReference; fileEncoding = 4; lastKnownFileType = sourcecode.c.c; path = map.c; sourceTree = "<group>"; };
		83645C181CB120E600845F16 /* map.h */ = {isa = PBXFileReference; fileEncoding = 4; lastKnownFileType = sourcecode.c.h; path = map.h; sourceTree = "<group>"; };
		83645C1D1CB120E700845F16 /* samples.h */ = {isa = PBXFileReference; fileEncoding = 4; lastKnownFileType = sourcecode.c.h; path = samples.h; sourceTree = "<group>"; };
		83645C1E1CB120E700845F16 /* types.h */ = {isa = PBXFileReference; fileEncoding = 4; lastKnownFileType = sourcecode.c.h; path = types.h; sourceTree = "<group>"; };
		83645C1F1CB120E700845F16 /* win_rand.c */ = {isa = PBXFileReference; fileEncoding = 4; lastKnownFileType = sourcecode.c.c; path = win_rand.c; sourceTree = "<group>"; };
		83645C201CB120E700845F16 /* win_rand.h */ = {isa = PBXFileReference; fileEncoding = 4; lastKnownFileType = sourcecode.c.h; path = win_rand.h; sourceTree = "<group>"; };
		83645C2E1CB1283700845F16 /* ZoneTypes.h */ = {isa = PBXFileReference; lastKnownFileType = sourcecode.c.h; path = ZoneTypes.h; sourceTree = "<group>"; };
		83645C2F1CB12A2D00845F16 /* Puzzles.h */ = {isa = PBXFileReference; fileEncoding = 4; lastKnownFileType = sourcecode.c.h; path = Puzzles.h; sourceTree = "<group>"; };
		83645C341CB1325100845F16 /* YodaDocument.cpp */ = {isa = PBXFileReference; fileEncoding = 4; lastKnownFileType = sourcecode.cpp.cpp; path = YodaDocument.cpp; sourceTree = "<group>"; };
		83645C351CB1325100845F16 /* YodaDocument.hpp */ = {isa = PBXFileReference; fileEncoding = 4; lastKnownFileType = sourcecode.cpp.h; path = YodaDocument.hpp; sourceTree = "<group>"; };
		83645C401CB1331500845F16 /* CppTypes.h */ = {isa = PBXFileReference; lastKnownFileType = sourcecode.c.h; path = CppTypes.h; sourceTree = "<group>"; };
		83645C4B1CB139A700845F16 /* Map.cpp */ = {isa = PBXFileReference; fileEncoding = 4; lastKnownFileType = sourcecode.cpp.cpp; path = Map.cpp; sourceTree = "<group>"; };
		83645C4C1CB139A700845F16 /* Map.hpp */ = {isa = PBXFileReference; fileEncoding = 4; lastKnownFileType = sourcecode.cpp.h; path = Map.hpp; sourceTree = "<group>"; };
		8365D04A1AC86DC90031E23E /* PuzzleWindowController.h */ = {isa = PBXFileReference; fileEncoding = 4; lastKnownFileType = sourcecode.c.h; path = PuzzleWindowController.h; sourceTree = "<group>"; };
		8365D04B1AC86DC90031E23E /* PuzzleWindowController.mm */ = {isa = PBXFileReference; fileEncoding = 4; lastKnownFileType = sourcecode.cpp.objcpp; path = PuzzleWindowController.mm; sourceTree = "<group>"; };
		8365D04C1AC86DC90031E23E /* PuzzleWindowController.xib */ = {isa = PBXFileReference; fileEncoding = 4; lastKnownFileType = file.xib; path = PuzzleWindowController.xib; sourceTree = "<group>"; };
		8374EAA11B35AD3C00B90F60 /* DeskFunUI.framework */ = {isa = PBXFileReference; explicitFileType = wrapper.framework; name = DeskFunUI.framework; path = "/Users/chris/Library/Developer/Xcode/DerivedData/DeskFun-bqfulufdmfmqghgbybwodglzrzhz/Build/Products/Debug/DeskFunUI.framework"; sourceTree = "<absolute>"; };
		8374EAA41B35AD5600B90F60 /* DeskFunUI.xcodeproj */ = {isa = PBXFileReference; lastKnownFileType = "wrapper.pb-project"; name = DeskFunUI.xcodeproj; path = ../../DeskFunUI/DeskFunUI.xcodeproj; sourceTree = "<group>"; };
		837D7E941B0482C40006BB19 /* TileLayer.h */ = {isa = PBXFileReference; fileEncoding = 4; lastKnownFileType = sourcecode.c.h; path = TileLayer.h; sourceTree = "<group>"; };
		837D7E951B0482C40006BB19 /* TileLayer.mm */ = {isa = PBXFileReference; fileEncoding = 4; lastKnownFileType = sourcecode.cpp.objcpp; path = TileLayer.mm; sourceTree = "<group>"; };
		837D7E991B048C430006BB19 /* LoadingView.h */ = {isa = PBXFileReference; fileEncoding = 4; lastKnownFileType = sourcecode.c.h; path = LoadingView.h; sourceTree = "<group>"; };
		837D7E9A1B048C430006BB19 /* LoadingView.m */ = {isa = PBXFileReference; fileEncoding = 4; lastKnownFileType = sourcecode.c.objc; path = LoadingView.m; sourceTree = "<group>"; };
		838FC8D61B3DC73000B4FDE7 /* CocoaSoundMixer.mm */ = {isa = PBXFileReference; fileEncoding = 4; lastKnownFileType = sourcecode.cpp.objcpp; name = CocoaSoundMixer.mm; path = ../DeskFunTests/CocoaSoundMixer.mm; sourceTree = "<group>"; };
		838FC8D71B3DC73000B4FDE7 /* CocoaSoundMixer.hpp */ = {isa = PBXFileReference; fileEncoding = 4; lastKnownFileType = sourcecode.cpp.h; name = CocoaSoundMixer.hpp; path = ../DeskFunTests/CocoaSoundMixer.hpp; sourceTree = "<group>"; };
		83AA42191B36D21D00A2FE8F /* DeskFunX.pch */ = {isa = PBXFileReference; lastKnownFileType = sourcecode.c.h; name = DeskFunX.pch; path = ../DeskFunX.pch; sourceTree = "<group>"; };
		83C090781AE2A37600D5CD23 /* DASpeechBubbleWindow.h */ = {isa = PBXFileReference; fileEncoding = 4; lastKnownFileType = sourcecode.c.h; path = DASpeechBubbleWindow.h; sourceTree = "<group>"; };
		83C090791AE2A37600D5CD23 /* DASpeechBubbleWindow.m */ = {isa = PBXFileReference; fileEncoding = 4; lastKnownFileType = sourcecode.c.objc; path = DASpeechBubbleWindow.m; sourceTree = "<group>"; };
		83C090871AE2B37200D5CD23 /* DASpeechBubbleView.h */ = {isa = PBXFileReference; fileEncoding = 4; lastKnownFileType = sourcecode.c.h; path = DASpeechBubbleView.h; sourceTree = "<group>"; };
		83C090881AE2B37200D5CD23 /* DASpeechBubbleView.m */ = {isa = PBXFileReference; fileEncoding = 4; lastKnownFileType = sourcecode.c.objc; path = DASpeechBubbleView.m; sourceTree = "<group>"; };
		83C248D31B23AB550024C087 /* HostCallbacks.mm */ = {isa = PBXFileReference; fileEncoding = 4; lastKnownFileType = sourcecode.cpp.objcpp; path = HostCallbacks.mm; sourceTree = "<group>"; };
		83C248D41B23AB550024C087 /* HostCallbacks.h */ = {isa = PBXFileReference; fileEncoding = 4; lastKnownFileType = sourcecode.c.h; path = HostCallbacks.h; sourceTree = "<group>"; };
		83C46B061B35CF4100E73B02 /* DeskFun Engine.xcodeproj */ = {isa = PBXFileReference; lastKnownFileType = "wrapper.pb-project"; name = "DeskFun Engine.xcodeproj"; path = "../../dfengine/DeskFun Engine.xcodeproj"; sourceTree = "<group>"; };
		83CAF1E619F0343A002BF7C1 /* TileCollectionView.h */ = {isa = PBXFileReference; fileEncoding = 4; lastKnownFileType = sourcecode.c.h; path = TileCollectionView.h; sourceTree = "<group>"; };
		83CAF1E719F0343A002BF7C1 /* TileCollectionView.mm */ = {isa = PBXFileReference; fileEncoding = 4; lastKnownFileType = sourcecode.cpp.objcpp; path = TileCollectionView.mm; sourceTree = "<group>"; };
		83D4A53719EC436800AA73A0 /* DeskFun X.app */ = {isa = PBXFileReference; explicitFileType = wrapper.application; includeInIndex = 0; path = "DeskFun X.app"; sourceTree = BUILT_PRODUCTS_DIR; };
		83D4A53B19EC436800AA73A0 /* Info.plist */ = {isa = PBXFileReference; lastKnownFileType = text.plist.xml; path = Info.plist; sourceTree = "<group>"; };
		83D4A53C19EC436800AA73A0 /* AppDelegate.h */ = {isa = PBXFileReference; lastKnownFileType = sourcecode.c.h; path = AppDelegate.h; sourceTree = "<group>"; };
		83D4A53D19EC436800AA73A0 /* AppDelegate.m */ = {isa = PBXFileReference; explicitFileType = sourcecode.cpp.objcpp; path = AppDelegate.m; sourceTree = "<group>"; };
		83D4A53F19EC436800AA73A0 /* main.m */ = {isa = PBXFileReference; lastKnownFileType = sourcecode.c.objc; path = main.m; sourceTree = "<group>"; };
		83D4A54119EC436800AA73A0 /* Images.xcassets */ = {isa = PBXFileReference; lastKnownFileType = folder.assetcatalog; path = Images.xcassets; sourceTree = "<group>"; };
		83D4A54419EC436800AA73A0 /* Base */ = {isa = PBXFileReference; lastKnownFileType = file.xib; name = Base; path = Base.lproj/MainMenu.xib; sourceTree = "<group>"; };
		83D4A57C19EC45F300AA73A0 /* DAGameWindowController.h */ = {isa = PBXFileReference; fileEncoding = 4; lastKnownFileType = sourcecode.c.h; path = DAGameWindowController.h; sourceTree = "<group>"; };
		83D4A57D19EC45F300AA73A0 /* DAGameWindowController.mm */ = {isa = PBXFileReference; fileEncoding = 4; lastKnownFileType = sourcecode.cpp.objcpp; path = DAGameWindowController.mm; sourceTree = "<group>"; };
		83D4A57E19EC45F300AA73A0 /* DAGameWindowController.xib */ = {isa = PBXFileReference; fileEncoding = 4; lastKnownFileType = file.xib; path = DAGameWindowController.xib; sourceTree = "<group>"; };
		83D4A59B19EC463200AA73A0 /* DASceneView.h */ = {isa = PBXFileReference; fileEncoding = 4; lastKnownFileType = sourcecode.c.h; path = DASceneView.h; sourceTree = "<group>"; };
		83D4A59C19EC463200AA73A0 /* DASceneView.mm */ = {isa = PBXFileReference; fileEncoding = 4; lastKnownFileType = sourcecode.cpp.objcpp; path = DASceneView.mm; sourceTree = "<group>"; };
		83DAAC271B1CD929007CA000 /* DACursor.h */ = {isa = PBXFileReference; fileEncoding = 4; lastKnownFileType = sourcecode.c.h; path = DACursor.h; sourceTree = "<group>"; };
		83DAAC281B1CD929007CA000 /* DACursor.mm */ = {isa = PBXFileReference; fileEncoding = 4; lastKnownFileType = sourcecode.cpp.objcpp; path = DACursor.mm; sourceTree = "<group>"; };
		83DAAC2A1B1CE9C4007CA000 /* east.pdf */ = {isa = PBXFileReference; lastKnownFileType = image.pdf; path = east.pdf; sourceTree = "<group>"; };
		83DAAC2B1B1CE9C4007CA000 /* north.pdf */ = {isa = PBXFileReference; lastKnownFileType = image.pdf; path = north.pdf; sourceTree = "<group>"; };
		83DAAC2C1B1CE9C4007CA000 /* north-east.pdf */ = {isa = PBXFileReference; lastKnownFileType = image.pdf; path = "north-east.pdf"; sourceTree = "<group>"; };
		83DAAC2D1B1CE9C4007CA000 /* north-west.pdf */ = {isa = PBXFileReference; lastKnownFileType = image.pdf; path = "north-west.pdf"; sourceTree = "<group>"; };
		83DAAC2E1B1CE9C4007CA000 /* south.pdf */ = {isa = PBXFileReference; lastKnownFileType = image.pdf; path = south.pdf; sourceTree = "<group>"; };
		83DAAC2F1B1CE9C4007CA000 /* south-east.pdf */ = {isa = PBXFileReference; lastKnownFileType = image.pdf; path = "south-east.pdf"; sourceTree = "<group>"; };
		83DAAC301B1CE9C4007CA000 /* south-west.pdf */ = {isa = PBXFileReference; lastKnownFileType = image.pdf; path = "south-west.pdf"; sourceTree = "<group>"; };
		83DAAC381B1CE9DC007CA000 /* cursors.plist */ = {isa = PBXFileReference; fileEncoding = 4; lastKnownFileType = text.plist.xml; path = cursors.plist; sourceTree = "<group>"; };
		83DAAC3A1B1CF6CA007CA000 /* west.pdf */ = {isa = PBXFileReference; lastKnownFileType = image.pdf; path = west.pdf; sourceTree = "<group>"; };
		83DAAC3C1B1D010C007CA000 /* block.pdf */ = {isa = PBXFileReference; lastKnownFileType = image.pdf; path = block.pdf; sourceTree = "<group>"; };
		83E192EF1AC833BE00E9C2BA /* ZoneWindowController.h */ = {isa = PBXFileReference; fileEncoding = 4; lastKnownFileType = sourcecode.c.h; path = ZoneWindowController.h; sourceTree = "<group>"; };
		83E192F01AC833BE00E9C2BA /* ZoneWindowController.mm */ = {isa = PBXFileReference; fileEncoding = 4; lastKnownFileType = sourcecode.cpp.objcpp; path = ZoneWindowController.mm; sourceTree = "<group>"; };
		83E192F11AC833BE00E9C2BA /* ZoneWindowController.xib */ = {isa = PBXFileReference; fileEncoding = 4; lastKnownFileType = file.xib; path = ZoneWindowController.xib; sourceTree = "<group>"; };
		83E192F51AC8345A00E9C2BA /* ZoneView.h */ = {isa = PBXFileReference; fileEncoding = 4; lastKnownFileType = sourcecode.c.h; path = ZoneView.h; sourceTree = "<group>"; };
		83E192F61AC8345A00E9C2BA /* ZoneView.mm */ = {isa = PBXFileReference; fileEncoding = 4; lastKnownFileType = sourcecode.cpp.objcpp; path = ZoneView.mm; sourceTree = "<group>"; };
		83E3171819F0134C000476AB /* TileWindowController.h */ = {isa = PBXFileReference; fileEncoding = 4; lastKnownFileType = sourcecode.c.h; path = TileWindowController.h; sourceTree = "<group>"; };
		83E3171919F0134C000476AB /* TileWindowController.mm */ = {isa = PBXFileReference; fileEncoding = 4; lastKnownFileType = sourcecode.cpp.objcpp; path = TileWindowController.mm; sourceTree = "<group>"; };
		83E3171A19F0134C000476AB /* TileWindowController.xib */ = {isa = PBXFileReference; fileEncoding = 4; lastKnownFileType = file.xib; path = TileWindowController.xib; sourceTree = "<group>"; };
		83E3171F19F013A0000476AB /* TileView.h */ = {isa = PBXFileReference; fileEncoding = 4; lastKnownFileType = sourcecode.c.h; path = TileView.h; sourceTree = "<group>"; };
		83E3172019F013A0000476AB /* TileView.mm */ = {isa = PBXFileReference; fileEncoding = 4; lastKnownFileType = sourcecode.cpp.objcpp; path = TileView.mm; sourceTree = "<group>"; };
		83F1C0981B20463500790D45 /* pause.png */ = {isa = PBXFileReference; lastKnownFileType = image.png; path = pause.png; sourceTree = "<group>"; };
		83F809111AFF8C35005A9001 /* SetupWindowController.h */ = {isa = PBXFileReference; fileEncoding = 4; lastKnownFileType = sourcecode.c.h; path = SetupWindowController.h; sourceTree = "<group>"; };
		83F809121AFF8C35005A9001 /* SetupWindowController.mm */ = {isa = PBXFileReference; fileEncoding = 4; lastKnownFileType = sourcecode.cpp.objcpp; path = SetupWindowController.mm; sourceTree = "<group>"; };
		83F809131AFF8C35005A9001 /* SetupWindowController.xib */ = {isa = PBXFileReference; fileEncoding = 4; lastKnownFileType = file.xib; path = SetupWindowController.xib; sourceTree = "<group>"; };
/* End PBXFileReference section */

/* Begin PBXFrameworksBuildPhase section */
		835E17A11B1B9CF0004A981E /* Frameworks */ = {
			isa = PBXFrameworksBuildPhase;
			buildActionMask = 2147483647;
			files = (
			);
			runOnlyForDeploymentPostprocessing = 0;
		};
		83D4A53419EC436800AA73A0 /* Frameworks */ = {
			isa = PBXFrameworksBuildPhase;
			buildActionMask = 2147483647;
			files = (
				83C46B721B35EBBB00E73B02 /* libdfengine-osx.a in Frameworks */,
				8374EAA21B35AD3C00B90F60 /* DeskFunUI.framework in Frameworks */,
			);
			runOnlyForDeploymentPostprocessing = 0;
		};
/* End PBXFrameworksBuildPhase section */

/* Begin PBXGroup section */
		83193FDF1AEC10D500EB3A44 /* UI Images */ = {
			isa = PBXGroup;
			children = (
				83DAAC3C1B1D010C007CA000 /* block.pdf */,
				83DAAC3A1B1CF6CA007CA000 /* west.pdf */,
				83DAAC2A1B1CE9C4007CA000 /* east.pdf */,
				83DAAC2C1B1CE9C4007CA000 /* north-east.pdf */,
				83DAAC2D1B1CE9C4007CA000 /* north-west.pdf */,
				83DAAC2B1B1CE9C4007CA000 /* north.pdf */,
				83193FE21AEC115700EB3A44 /* play.pdf */,
				83DAAC2F1B1CE9C4007CA000 /* south-east.pdf */,
				83DAAC301B1CE9C4007CA000 /* south-west.pdf */,
				83DAAC2E1B1CE9C4007CA000 /* south.pdf */,
				83DAAC381B1CE9DC007CA000 /* cursors.plist */,
			);
			name = "UI Images";
			sourceTree = "<group>";
		};
		8332CCEF19F0783A00D153D9 /* Debug Windows */ = {
			isa = PBXGroup;
			children = (
				831F5A351AF8055D0060E762 /* ActionWindowController.h */,
				831F5A361AF8055D0060E762 /* ActionWindowController.mm */,
				831F5A3A1AF8057E0060E762 /* ActionWindowController.xib */,
				8332CCFB19F0812900D153D9 /* CharsController.h */,
				8332CCFC19F0812900D153D9 /* CharsController.mm */,
				8332CCFD19F0812900D153D9 /* CharsController.xib */,
				8332CCF019F0785400D153D9 /* ItemsController.h */,
				8332CCF119F0785400D153D9 /* ItemsController.mm */,
				8332CCF219F0785400D153D9 /* ItemsController.xib */,
				8365D04A1AC86DC90031E23E /* PuzzleWindowController.h */,
				8365D04B1AC86DC90031E23E /* PuzzleWindowController.mm */,
				8365D04C1AC86DC90031E23E /* PuzzleWindowController.xib */,
				83F809111AFF8C35005A9001 /* SetupWindowController.h */,
				83F809121AFF8C35005A9001 /* SetupWindowController.mm */,
				83F809131AFF8C35005A9001 /* SetupWindowController.xib */,
				8332CCF619F07EBA00D153D9 /* SoundsController.h */,
				8332CCF719F07EBA00D153D9 /* SoundsController.mm */,
				8332CCF819F07EBA00D153D9 /* SoundsController.xib */,
				83E3171819F0134C000476AB /* TileWindowController.h */,
				83E3171919F0134C000476AB /* TileWindowController.mm */,
				83E3171A19F0134C000476AB /* TileWindowController.xib */,
				83E192EF1AC833BE00E9C2BA /* ZoneWindowController.h */,
				83E192F01AC833BE00E9C2BA /* ZoneWindowController.mm */,
				83E192F11AC833BE00E9C2BA /* ZoneWindowController.xib */,
				833A25021B8CED1800347930 /* SaveGameWindowController.h */,
				833A25031B8CED1800347930 /* SaveGameWindowController.mm */,
				833A25041B8CED1800347930 /* SaveGameWindowController.xib */,
			);
			name = "Debug Windows";
			sourceTree = "<group>";
		};
		833DCEE31B4EF2670069D420 /* Additions to standard classes */ = {
			isa = PBXGroup;
			children = (
				833DCEDE1B4EF2190069D420 /* NSNumber+StringReading.h */,
				833DCEDF1B4EF2190069D420 /* NSNumber+StringReading.m */,
			);
			name = "Additions to standard classes";
			sourceTree = "<group>";
		};
		835E17A51B1B9CF0004A981E /* DeskFun X Tests */ = {
			isa = PBXGroup;
			children = (
				835E17A81B1B9CF0004A981E /* Desktop_Adventure_Tests.m */,
				835E17A61B1B9CF0004A981E /* Supporting Files */,
				835E17AF1B1B9D2F004A981E /* DirectionTest.mm */,
			);
			name = "DeskFun X Tests";
			path = DeskFunTests;
			sourceTree = "<group>";
		};
		835E17A61B1B9CF0004A981E /* Supporting Files */ = {
			isa = PBXGroup;
			children = (
				835E17A71B1B9CF0004A981E /* Info.plist */,
			);
			name = "Supporting Files";
			sourceTree = "<group>";
		};
		83645C051CB106D400845F16 /* MapGeneration */ = {
			isa = PBXGroup;
			children = (
				83645C331CB1324500845F16 /* Stuff */,
				83645C291CB126A400845F16 /* New Group */,
				83645C0E1CB120D300845F16 /* Generation */,
				83645C0B1CB1096400845F16 /* MapView.h */,
				83645C0C1CB1096400845F16 /* MapView.mm */,
				83645C061CB106FE00845F16 /* MapGeneration.h */,
				83645C071CB106FE00845F16 /* MapGeneration.mm */,
				83645C081CB106FE00845F16 /* MapGeneration.xib */,
			);
			name = MapGeneration;
			sourceTree = "<group>";
		};
		83645C0E1CB120D300845F16 /* Generation */ = {
			isa = PBXGroup;
			children = (
				83645C171CB120E600845F16 /* map.c */,
				83645C181CB120E600845F16 /* map.h */,
				83645C1D1CB120E700845F16 /* samples.h */,
				83645C1E1CB120E700845F16 /* types.h */,
				83645C1F1CB120E700845F16 /* win_rand.c */,
				83645C201CB120E700845F16 /* win_rand.h */,
			);
			name = Generation;
			sourceTree = "<group>";
		};
		83645C291CB126A400845F16 /* New Group */ = {
			isa = PBXGroup;
			children = (
				83645C2F1CB12A2D00845F16 /* Puzzles.h */,
				83645C2E1CB1283700845F16 /* ZoneTypes.h */,
			);
			name = "New Group";
			sourceTree = "<group>";
		};
		83645C331CB1324500845F16 /* Stuff */ = {
			isa = PBXGroup;
			children = (
				83645C341CB1325100845F16 /* YodaDocument.cpp */,
				83645C351CB1325100845F16 /* YodaDocument.hpp */,
				83645C401CB1331500845F16 /* CppTypes.h */,
				83645C4B1CB139A700845F16 /* Map.cpp */,
				83645C4C1CB139A700845F16 /* Map.hpp */,
			);
			name = Stuff;
			sourceTree = "<group>";
		};
		8374EA9D1B35ACD000B90F60 /* Frameworks & Libraries */ = {
			isa = PBXGroup;
			children = (
				83C46B061B35CF4100E73B02 /* DeskFun Engine.xcodeproj */,
				8374EAA11B35AD3C00B90F60 /* DeskFunUI.framework */,
				8374EAA41B35AD5600B90F60 /* DeskFunUI.xcodeproj */,
			);
			name = "Frameworks & Libraries";
			sourceTree = "<group>";
		};
		8374EAA51B35AD5600B90F60 /* Products */ = {
			isa = PBXGroup;
			children = (
				8374EAAA1B35AD5600B90F60 /* DeskFunUI.framework */,
				8374EAAC1B35AD5600B90F60 /* DeskFunTouchUI.framework */,
			);
			name = Products;
			sourceTree = "<group>";
		};
		83C090861AE2B35000D5CD23 /* Speech Bubble */ = {
			isa = PBXGroup;
			children = (
				83C090781AE2A37600D5CD23 /* DASpeechBubbleWindow.h */,
				83C090791AE2A37600D5CD23 /* DASpeechBubbleWindow.m */,
				83C090871AE2B37200D5CD23 /* DASpeechBubbleView.h */,
				83C090881AE2B37200D5CD23 /* DASpeechBubbleView.m */,
				8357896F1AE3B7BE0070EC21 /* DASpeechContoller.h */,
				835789701AE3B7BE0070EC21 /* DASpeechContoller.m */,
				835789711AE3B7BF0070EC21 /* DASpeechContoller.xib */,
				835789741AE3CCB60070EC21 /* DADisabledScrollView.h */,
				835789751AE3CCB60070EC21 /* DADisabledScrollView.m */,
			);
			name = "Speech Bubble";
			sourceTree = "<group>";
		};
		83C46B071B35CF4100E73B02 /* Products */ = {
			isa = PBXGroup;
			children = (
				83C46B0B1B35CF4200E73B02 /* libdfengine-ios.a */,
				83C46B6F1B35EBAF00E73B02 /* libdfengine-osx.a */,
			);
			name = Products;
			sourceTree = "<group>";
		};
		83D4A52E19EC436800AA73A0 = {
			isa = PBXGroup;
			children = (
				83D4A53919EC436800AA73A0 /* DeskFun X */,
				835E17A51B1B9CF0004A981E /* DeskFun X Tests */,
				83D4A53819EC436800AA73A0 /* Products */,
			);
			sourceTree = "<group>";
		};
		83D4A53819EC436800AA73A0 /* Products */ = {
			isa = PBXGroup;
			children = (
				83D4A53719EC436800AA73A0 /* DeskFun X.app */,
				835E17A41B1B9CF0004A981E /* DeskFun X.xctest */,
			);
			name = Products;
			sourceTree = "<group>";
		};
		83D4A53919EC436800AA73A0 /* DeskFun X */ = {
			isa = PBXGroup;
			children = (
				83645C051CB106D400845F16 /* MapGeneration */,
				83D4A53C19EC436800AA73A0 /* AppDelegate.h */,
				83D4A53D19EC436800AA73A0 /* AppDelegate.m */,
				83E3171E19F01395000476AB /* Debug */,
				83D4A59E19EC463900AA73A0 /* Controls */,
				83D4A59F19EC466500AA73A0 /* Game View */,
				83D4A5A319EC488F00AA73A0 /* Window Controllers */,
				833DCEE31B4EF2670069D420 /* Additions to standard classes */,
				83D4A53A19EC436800AA73A0 /* Supporting Files */,
			);
			path = "DeskFun X";
			sourceTree = "<group>";
		};
		83D4A53A19EC436800AA73A0 /* Supporting Files */ = {
			isa = PBXGroup;
			children = (
				8374EA9D1B35ACD000B90F60 /* Frameworks & Libraries */,
				83193FDF1AEC10D500EB3A44 /* UI Images */,
				83D4A57719EC43CB00AA73A0 /* Data Files */,
				83D4A54119EC436800AA73A0 /* Images.xcassets */,
				83D4A53B19EC436800AA73A0 /* Info.plist */,
				83D4A53F19EC436800AA73A0 /* main.m */,
				83D4A54319EC436800AA73A0 /* MainMenu.xib */,
				83AA42191B36D21D00A2FE8F /* DeskFunX.pch */,
			);
			name = "Supporting Files";
			sourceTree = "<group>";
		};
		83D4A57719EC43CB00AA73A0 /* Data Files */ = {
			isa = PBXGroup;
			children = (
				833BECD31B3C903700E2784B /* indy demo.data */,
				833BECD41B3C903700E2784B /* indy.data */,
				833BECD51B3C903700E2784B /* yoda demo.data */,
				833BECD61B3C903700E2784B /* yoda.data */,
				83F1C0981B20463500790D45 /* pause.png */,
			);
			name = "Data Files";
			sourceTree = "<group>";
		};
		83D4A59E19EC463900AA73A0 /* Controls */ = {
			isa = PBXGroup;
			children = (
				83DAAC271B1CD929007CA000 /* DACursor.h */,
				83DAAC281B1CD929007CA000 /* DACursor.mm */,
				83C090861AE2B35000D5CD23 /* Speech Bubble */,
			);
			name = Controls;
			sourceTree = "<group>";
		};
		83D4A59F19EC466500AA73A0 /* Game View */ = {
			isa = PBXGroup;
			children = (
				835E17B31B1BB7A1004A981E /* CocoaInputManager.hpp */,
				835E17B21B1BB7A1004A981E /* CocoaInputManager.mm */,
				838FC8D71B3DC73000B4FDE7 /* CocoaSoundMixer.hpp */,
				838FC8D61B3DC73000B4FDE7 /* CocoaSoundMixer.mm */,
				83D4A59B19EC463200AA73A0 /* DASceneView.h */,
				83D4A59C19EC463200AA73A0 /* DASceneView.mm */,
				83C248D41B23AB550024C087 /* HostCallbacks.h */,
				83C248D31B23AB550024C087 /* HostCallbacks.mm */,
				837D7E991B048C430006BB19 /* LoadingView.h */,
				837D7E9A1B048C430006BB19 /* LoadingView.m */,
				833BECDB1B3C905400E2784B /* OpenGLRenderer.cpp */,
				833BECDC1B3C905400E2784B /* OpenGLRenderer.hpp */,
			);
			name = "Game View";
			sourceTree = "<group>";
		};
		83D4A5A319EC488F00AA73A0 /* Window Controllers */ = {
			isa = PBXGroup;
			children = (
				83D4A57C19EC45F300AA73A0 /* DAGameWindowController.h */,
				83D4A57D19EC45F300AA73A0 /* DAGameWindowController.mm */,
				83D4A57E19EC45F300AA73A0 /* DAGameWindowController.xib */,
			);
			name = "Window Controllers";
			sourceTree = "<group>";
		};
		83E3171E19F01395000476AB /* Debug */ = {
			isa = PBXGroup;
			children = (
				8332CCEF19F0783A00D153D9 /* Debug Windows */,
				83CAF1E619F0343A002BF7C1 /* TileCollectionView.h */,
				83CAF1E719F0343A002BF7C1 /* TileCollectionView.mm */,
				83E3171F19F013A0000476AB /* TileView.h */,
				83E3172019F013A0000476AB /* TileView.mm */,
				83E192F51AC8345A00E9C2BA /* ZoneView.h */,
				83E192F61AC8345A00E9C2BA /* ZoneView.mm */,
				832283B71B02864A006AA266 /* PaletteView.h */,
				832283B81B02864A006AA266 /* PaletteView.mm */,
				837D7E941B0482C40006BB19 /* TileLayer.h */,
				837D7E951B0482C40006BB19 /* TileLayer.mm */,
			);
			name = Debug;
			sourceTree = "<group>";
		};
/* End PBXGroup section */

/* Begin PBXNativeTarget section */
		835E17A31B1B9CF0004A981E /* DeskFun X Tests */ = {
			isa = PBXNativeTarget;
			buildConfigurationList = 835E17AC1B1B9CF0004A981E /* Build configuration list for PBXNativeTarget "DeskFun X Tests" */;
			buildPhases = (
				835E17A01B1B9CF0004A981E /* Sources */,
				835E17A11B1B9CF0004A981E /* Frameworks */,
				835E17A21B1B9CF0004A981E /* Resources */,
			);
			buildRules = (
			);
			dependencies = (
				835E17AB1B1B9CF0004A981E /* PBXTargetDependency */,
			);
			name = "DeskFun X Tests";
			productName = "Desktop Adventure Tests";
			productReference = 835E17A41B1B9CF0004A981E /* DeskFun X.xctest */;
			productType = "com.apple.product-type.bundle.unit-test";
		};
		83D4A53619EC436800AA73A0 /* DeskFun X */ = {
			isa = PBXNativeTarget;
			buildConfigurationList = 83D4A55419EC436900AA73A0 /* Build configuration list for PBXNativeTarget "DeskFun X" */;
			buildPhases = (
				83D4A53319EC436800AA73A0 /* Sources */,
				83D4A53419EC436800AA73A0 /* Frameworks */,
				83D4A53519EC436800AA73A0 /* Resources */,
				83CDDA611B35572A008DEF61 /* Copy Frameworks */,
			);
			buildRules = (
			);
			dependencies = (
				83C46B711B35EBB100E73B02 /* PBXTargetDependency */,
				8374EAAE1B35AD5A00B90F60 /* PBXTargetDependency */,
			);
			name = "DeskFun X";
			productName = "Desktop Adventure";
			productReference = 83D4A53719EC436800AA73A0 /* DeskFun X.app */;
			productType = "com.apple.product-type.application";
		};
/* End PBXNativeTarget section */

/* Begin PBXProject section */
		83D4A52F19EC436800AA73A0 /* Project object */ = {
			isa = PBXProject;
			attributes = {
				LastUpgradeCheck = 0720;
				ORGANIZATIONNAME = chris;
				TargetAttributes = {
					835E17A31B1B9CF0004A981E = {
						CreatedOnToolsVersion = 6.3.2;
						TestTargetID = 83D4A53619EC436800AA73A0;
					};
					83D4A53619EC436800AA73A0 = {
						CreatedOnToolsVersion = 6.1;
					};
				};
			};
			buildConfigurationList = 83D4A53219EC436800AA73A0 /* Build configuration list for PBXProject "DeskFun X" */;
			compatibilityVersion = "Xcode 3.2";
			developmentRegion = English;
			hasScannedForEncodings = 0;
			knownRegions = (
				en,
				Base,
			);
			mainGroup = 83D4A52E19EC436800AA73A0;
			productRefGroup = 83D4A53819EC436800AA73A0 /* Products */;
			projectDirPath = "";
			projectReferences = (
				{
					ProductGroup = 83C46B071B35CF4100E73B02 /* Products */;
					ProjectRef = 83C46B061B35CF4100E73B02 /* DeskFun Engine.xcodeproj */;
				},
				{
					ProductGroup = 8374EAA51B35AD5600B90F60 /* Products */;
					ProjectRef = 8374EAA41B35AD5600B90F60 /* DeskFunUI.xcodeproj */;
				},
			);
			projectRoot = "";
			targets = (
				83D4A53619EC436800AA73A0 /* DeskFun X */,
				835E17A31B1B9CF0004A981E /* DeskFun X Tests */,
			);
		};
/* End PBXProject section */

/* Begin PBXReferenceProxy section */
		8374EAAA1B35AD5600B90F60 /* DeskFunUI.framework */ = {
			isa = PBXReferenceProxy;
			fileType = wrapper.framework;
			path = DeskFunUI.framework;
			remoteRef = 8374EAA91B35AD5600B90F60 /* PBXContainerItemProxy */;
			sourceTree = BUILT_PRODUCTS_DIR;
		};
		8374EAAC1B35AD5600B90F60 /* DeskFunTouchUI.framework */ = {
			isa = PBXReferenceProxy;
			fileType = wrapper.framework;
			path = DeskFunTouchUI.framework;
			remoteRef = 8374EAAB1B35AD5600B90F60 /* PBXContainerItemProxy */;
			sourceTree = BUILT_PRODUCTS_DIR;
		};
		83C46B0B1B35CF4200E73B02 /* libdfengine-ios.a */ = {
			isa = PBXReferenceProxy;
			fileType = archive.ar;
			path = "libdfengine-ios.a";
			remoteRef = 83C46B0A1B35CF4200E73B02 /* PBXContainerItemProxy */;
			sourceTree = BUILT_PRODUCTS_DIR;
		};
		83C46B6F1B35EBAF00E73B02 /* libdfengine-osx.a */ = {
			isa = PBXReferenceProxy;
			fileType = archive.ar;
			path = "libdfengine-osx.a";
			remoteRef = 83C46B6E1B35EBAF00E73B02 /* PBXContainerItemProxy */;
			sourceTree = BUILT_PRODUCTS_DIR;
		};
/* End PBXReferenceProxy section */

/* Begin PBXResourcesBuildPhase section */
		835E17A21B1B9CF0004A981E /* Resources */ = {
			isa = PBXResourcesBuildPhase;
			buildActionMask = 2147483647;
			files = (
			);
			runOnlyForDeploymentPostprocessing = 0;
		};
		83D4A53519EC436800AA73A0 /* Resources */ = {
			isa = PBXResourcesBuildPhase;
			buildActionMask = 2147483647;
			files = (
				83DAAC321B1CE9C4007CA000 /* north.pdf in Resources */,
				833A25061B8CED1800347930 /* SaveGameWindowController.xib in Resources */,
				83DAAC361B1CE9C4007CA000 /* south-east.pdf in Resources */,
				83DAAC351B1CE9C4007CA000 /* south.pdf in Resources */,
				8339518F1AF2A25200BD4C60 /* MainMenu.xib in Resources */,
				83DAAC371B1CE9C4007CA000 /* south-west.pdf in Resources */,
				83DAAC3D1B1D010C007CA000 /* block.pdf in Resources */,
				8332CCF419F0785400D153D9 /* ItemsController.xib in Resources */,
				83F809151AFF8C35005A9001 /* SetupWindowController.xib in Resources */,
				83DAAC311B1CE9C4007CA000 /* east.pdf in Resources */,
				83D4A54219EC436800AA73A0 /* Images.xcassets in Resources */,
				8332CCFF19F0812900D153D9 /* CharsController.xib in Resources */,
				83193FE41AEC115700EB3A44 /* play.pdf in Resources */,
				83DAAC3B1B1CF6CA007CA000 /* west.pdf in Resources */,
				8365D04E1AC86DC90031E23E /* PuzzleWindowController.xib in Resources */,
				83E3171C19F0134C000476AB /* TileWindowController.xib in Resources */,
				83DAAC391B1CE9DC007CA000 /* cursors.plist in Resources */,
				831F5A3B1AF8057E0060E762 /* ActionWindowController.xib in Resources */,
				8332CCFA19F07EBA00D153D9 /* SoundsController.xib in Resources */,
				83E192F31AC833BE00E9C2BA /* ZoneWindowController.xib in Resources */,
				83DAAC331B1CE9C4007CA000 /* north-east.pdf in Resources */,
				83F1C0991B20463500790D45 /* pause.png in Resources */,
				83DAAC341B1CE9C4007CA000 /* north-west.pdf in Resources */,
				83D4A59219EC45F300AA73A0 /* DAGameWindowController.xib in Resources */,
				83645C0A1CB106FE00845F16 /* MapGeneration.xib in Resources */,
				835789731AE3B7BF0070EC21 /* DASpeechContoller.xib in Resources */,
			);
			runOnlyForDeploymentPostprocessing = 0;
		};
/* End PBXResourcesBuildPhase section */

/* Begin PBXSourcesBuildPhase section */
		835E17A01B1B9CF0004A981E /* Sources */ = {
			isa = PBXSourcesBuildPhase;
			buildActionMask = 2147483647;
			files = (
				835E17A91B1B9CF0004A981E /* Desktop_Adventure_Tests.m in Sources */,
				835E17B01B1B9D2F004A981E /* DirectionTest.mm in Sources */,
			);
			runOnlyForDeploymentPostprocessing = 0;
		};
		83D4A53319EC436800AA73A0 /* Sources */ = {
			isa = PBXSourcesBuildPhase;
			buildActionMask = 2147483647;
			files = (
				83645C251CB120E700845F16 /* map.c in Sources */,
				83C248D51B23AB550024C087 /* HostCallbacks.mm in Sources */,
				832283B91B02864A006AA266 /* PaletteView.mm in Sources */,
				83C090891AE2B37200D5CD23 /* DASpeechBubbleView.m in Sources */,
				83E192F21AC833BE00E9C2BA /* ZoneWindowController.mm in Sources */,
				83C0907A1AE2A37600D5CD23 /* DASpeechBubbleWindow.m in Sources */,
				83E3171B19F0134C000476AB /* TileWindowController.mm in Sources */,
				83D4A54019EC436800AA73A0 /* main.m in Sources */,
				8332CCFE19F0812900D153D9 /* CharsController.mm in Sources */,
				83D4A59D19EC463200AA73A0 /* DASceneView.mm in Sources */,
				833DCEE01B4EF2190069D420 /* NSNumber+StringReading.m in Sources */,
				83645C4D1CB139A700845F16 /* Map.cpp in Sources */,
				83E3172119F013A0000476AB /* TileView.mm in Sources */,
				8332CCF919F07EBA00D153D9 /* SoundsController.mm in Sources */,
				837D7E961B0482C40006BB19 /* TileLayer.mm in Sources */,
				8365D04D1AC86DC90031E23E /* PuzzleWindowController.mm in Sources */,
				83645C0D1CB1096400845F16 /* MapView.mm in Sources */,
				834A24581B3FFA1F00DD3E26 /* CocoaSoundMixer.mm in Sources */,
				83645C361CB1325100845F16 /* YodaDocument.cpp in Sources */,
				835789761AE3CCB60070EC21 /* DADisabledScrollView.m in Sources */,
				83CAF1E819F0343A002BF7C1 /* TileCollectionView.mm in Sources */,
				83DAAC291B1CD929007CA000 /* DACursor.mm in Sources */,
				8332CCF319F0785400D153D9 /* ItemsController.mm in Sources */,
				833A25051B8CED1800347930 /* SaveGameWindowController.mm in Sources */,
				833BECDD1B3C905400E2784B /* OpenGLRenderer.cpp in Sources */,
				83D4A59119EC45F300AA73A0 /* DAGameWindowController.mm in Sources */,
				83F809141AFF8C35005A9001 /* SetupWindowController.mm in Sources */,
				83E192F71AC8345A00E9C2BA /* ZoneView.mm in Sources */,
				83645C091CB106FE00845F16 /* MapGeneration.mm in Sources */,
				83D4A53E19EC436800AA73A0 /* AppDelegate.m in Sources */,
				835789721AE3B7BF0070EC21 /* DASpeechContoller.m in Sources */,
				835E17B41B1BB7A1004A981E /* CocoaInputManager.mm in Sources */,
				831F5A371AF8055D0060E762 /* ActionWindowController.mm in Sources */,
				837D7E9B1B048C430006BB19 /* LoadingView.m in Sources */,
				83645C281CB120E700845F16 /* win_rand.c in Sources */,
			);
			runOnlyForDeploymentPostprocessing = 0;
		};
/* End PBXSourcesBuildPhase section */

/* Begin PBXTargetDependency section */
		835E17AB1B1B9CF0004A981E /* PBXTargetDependency */ = {
			isa = PBXTargetDependency;
			target = 83D4A53619EC436800AA73A0 /* DeskFun X */;
			targetProxy = 835E17AA1B1B9CF0004A981E /* PBXContainerItemProxy */;
		};
		8374EAAE1B35AD5A00B90F60 /* PBXTargetDependency */ = {
			isa = PBXTargetDependency;
			name = DeskFunUI;
			targetProxy = 8374EAAD1B35AD5A00B90F60 /* PBXContainerItemProxy */;
		};
		83C46B711B35EBB100E73B02 /* PBXTargetDependency */ = {
			isa = PBXTargetDependency;
			name = "dfengine-osx";
			targetProxy = 83C46B701B35EBB100E73B02 /* PBXContainerItemProxy */;
		};
/* End PBXTargetDependency section */

/* Begin PBXVariantGroup section */
		83D4A54319EC436800AA73A0 /* MainMenu.xib */ = {
			isa = PBXVariantGroup;
			children = (
				83D4A54419EC436800AA73A0 /* Base */,
			);
			name = MainMenu.xib;
			sourceTree = "<group>";
		};
/* End PBXVariantGroup section */

/* Begin XCBuildConfiguration section */
		835E17AD1B1B9CF0004A981E /* Debug */ = {
			isa = XCBuildConfiguration;
			buildSettings = {
				ALWAYS_SEARCH_USER_PATHS = NO;
				BUNDLE_LOADER = "$(TEST_HOST)";
				COMBINE_HIDPI_IMAGES = YES;
				DEBUG_INFORMATION_FORMAT = dwarf;
				FRAMEWORK_SEARCH_PATHS = (
					"$(DEVELOPER_FRAMEWORKS_DIR)",
					"$(inherited)",
				);
				GCC_NO_COMMON_BLOCKS = YES;
				GCC_PREPROCESSOR_DEFINITIONS = (
					"DEBUG=1",
					"$(inherited)",
				);
				INFOPLIST_FILE = "Desktop Adventure Tests/Info.plist";
				LD_RUNPATH_SEARCH_PATHS = "$(inherited) @executable_path/../Frameworks @loader_path/../Frameworks";
				PRODUCT_BUNDLE_IDENTIFIER = "de.ccl.$(PRODUCT_NAME:rfc1034identifier)";
				PRODUCT_NAME = "DeskFun X";
				TEST_HOST = "$(BUILT_PRODUCTS_DIR)/DeskFun X.app/Contents/MacOS/DeskFun X";
			};
			name = Debug;
		};
		835E17AE1B1B9CF0004A981E /* Release */ = {
			isa = XCBuildConfiguration;
			buildSettings = {
				ALWAYS_SEARCH_USER_PATHS = NO;
				BUNDLE_LOADER = "$(TEST_HOST)";
				COMBINE_HIDPI_IMAGES = YES;
				COPY_PHASE_STRIP = NO;
				FRAMEWORK_SEARCH_PATHS = (
					"$(DEVELOPER_FRAMEWORKS_DIR)",
					"$(inherited)",
				);
				GCC_NO_COMMON_BLOCKS = YES;
				INFOPLIST_FILE = "Desktop Adventure Tests/Info.plist";
				LD_RUNPATH_SEARCH_PATHS = "$(inherited) @executable_path/../Frameworks @loader_path/../Frameworks";
				PRODUCT_BUNDLE_IDENTIFIER = "de.ccl.$(PRODUCT_NAME:rfc1034identifier)";
				PRODUCT_NAME = "DeskFun X";
				TEST_HOST = "$(BUILT_PRODUCTS_DIR)/DeskFun X.app/Contents/MacOS/DeskFun X";
			};
			name = Release;
		};
		83D4A55219EC436900AA73A0 /* Debug */ = {
			isa = XCBuildConfiguration;
			buildSettings = {
				ALWAYS_SEARCH_USER_PATHS = YES;
				CLANG_CXX_LANGUAGE_STANDARD = "gnu++0x";
				CLANG_CXX_LIBRARY = "libc++";
				CLANG_ENABLE_MODULES = YES;
				CLANG_ENABLE_OBJC_ARC = YES;
				CLANG_WARN_BOOL_CONVERSION = YES;
				CLANG_WARN_CONSTANT_CONVERSION = YES;
				CLANG_WARN_DIRECT_OBJC_ISA_USAGE = YES_ERROR;
				CLANG_WARN_EMPTY_BODY = YES;
				CLANG_WARN_ENUM_CONVERSION = YES;
				CLANG_WARN_INT_CONVERSION = YES;
				CLANG_WARN_OBJC_ROOT_CLASS = YES_ERROR;
				CLANG_WARN_UNREACHABLE_CODE = YES;
				CLANG_WARN__DUPLICATE_METHOD_MATCH = YES;
				CODE_SIGN_IDENTITY = "";
				COPY_PHASE_STRIP = NO;
				ENABLE_STRICT_OBJC_MSGSEND = YES;
				ENABLE_TESTABILITY = YES;
				GCC_C_LANGUAGE_STANDARD = gnu99;
				GCC_DYNAMIC_NO_PIC = NO;
				GCC_OPTIMIZATION_LEVEL = 0;
				GCC_PREPROCESSOR_DEFINITIONS = (
					"DEBUG=1",
					"$(inherited)",
				);
				GCC_SYMBOLS_PRIVATE_EXTERN = NO;
				GCC_WARN_64_TO_32_BIT_CONVERSION = YES;
				GCC_WARN_ABOUT_RETURN_TYPE = YES_ERROR;
				GCC_WARN_UNDECLARED_SELECTOR = YES;
				GCC_WARN_UNINITIALIZED_AUTOS = YES_AGGRESSIVE;
				GCC_WARN_UNUSED_FUNCTION = YES;
				GCC_WARN_UNUSED_VARIABLE = YES;
				MACOSX_DEPLOYMENT_TARGET = 10.10;
				MTL_ENABLE_DEBUG_INFO = YES;
				ONLY_ACTIVE_ARCH = YES;
				SDKROOT = macosx;
				USER_HEADER_SEARCH_PATHS = ../CppParser/DAParser/;
			};
			name = Debug;
		};
		83D4A55319EC436900AA73A0 /* Release */ = {
			isa = XCBuildConfiguration;
			buildSettings = {
				ALWAYS_SEARCH_USER_PATHS = YES;
				CLANG_CXX_LANGUAGE_STANDARD = "gnu++0x";
				CLANG_CXX_LIBRARY = "libc++";
				CLANG_ENABLE_MODULES = YES;
				CLANG_ENABLE_OBJC_ARC = YES;
				CLANG_WARN_BOOL_CONVERSION = YES;
				CLANG_WARN_CONSTANT_CONVERSION = YES;
				CLANG_WARN_DIRECT_OBJC_ISA_USAGE = YES_ERROR;
				CLANG_WARN_EMPTY_BODY = YES;
				CLANG_WARN_ENUM_CONVERSION = YES;
				CLANG_WARN_INT_CONVERSION = YES;
				CLANG_WARN_OBJC_ROOT_CLASS = YES_ERROR;
				CLANG_WARN_UNREACHABLE_CODE = YES;
				CLANG_WARN__DUPLICATE_METHOD_MATCH = YES;
				CODE_SIGN_IDENTITY = "";
				COPY_PHASE_STRIP = YES;
				DEBUG_INFORMATION_FORMAT = "dwarf-with-dsym";
				ENABLE_NS_ASSERTIONS = NO;
				ENABLE_STRICT_OBJC_MSGSEND = YES;
				GCC_C_LANGUAGE_STANDARD = gnu99;
				GCC_WARN_64_TO_32_BIT_CONVERSION = YES;
				GCC_WARN_ABOUT_RETURN_TYPE = YES_ERROR;
				GCC_WARN_UNDECLARED_SELECTOR = YES;
				GCC_WARN_UNINITIALIZED_AUTOS = YES_AGGRESSIVE;
				GCC_WARN_UNUSED_FUNCTION = YES;
				GCC_WARN_UNUSED_VARIABLE = YES;
				MACOSX_DEPLOYMENT_TARGET = 10.10;
				MTL_ENABLE_DEBUG_INFO = NO;
				SDKROOT = macosx;
				USER_HEADER_SEARCH_PATHS = ../CppParser/DAParser/;
			};
			name = Release;
		};
		83D4A55519EC436900AA73A0 /* Debug */ = {
			isa = XCBuildConfiguration;
			buildSettings = {
				ASSETCATALOG_COMPILER_APPICON_NAME = AppIcon;
				CODE_SIGN_IDENTITY = "";
				COMBINE_HIDPI_IMAGES = YES;
				GCC_PRECOMPILE_PREFIX_HEADER = YES;
				GCC_PREFIX_HEADER = "$(SRCROOT)/DeskFunX.pch";
				INFOPLIST_FILE = "DeskFun X/Info.plist";
				LD_RUNPATH_SEARCH_PATHS = "$(inherited) @executable_path/../Frameworks";
				PRODUCT_BUNDLE_IDENTIFIER = "de.ccl.$(PRODUCT_NAME:rfc1034identifier)";
				PRODUCT_NAME = "DeskFun X";
				USER_HEADER_SEARCH_PATHS = "../dfengine/include/**";
			};
			name = Debug;
		};
		83D4A55619EC436900AA73A0 /* Release */ = {
			isa = XCBuildConfiguration;
			buildSettings = {
				ASSETCATALOG_COMPILER_APPICON_NAME = AppIcon;
				CODE_SIGN_IDENTITY = "";
				COMBINE_HIDPI_IMAGES = YES;
				GCC_PRECOMPILE_PREFIX_HEADER = YES;
				GCC_PREFIX_HEADER = "$(SRCROOT)/DeskFunX.pch";
				INFOPLIST_FILE = "DeskFun X/Info.plist";
				LD_RUNPATH_SEARCH_PATHS = "$(inherited) @executable_path/../Frameworks";
				PRODUCT_BUNDLE_IDENTIFIER = "de.ccl.$(PRODUCT_NAME:rfc1034identifier)";
				PRODUCT_NAME = "DeskFun X";
				USER_HEADER_SEARCH_PATHS = "../dfengine/include/**";
			};
			name = Release;
		};
/* End XCBuildConfiguration section */

/* Begin XCConfigurationList section */
		835E17AC1B1B9CF0004A981E /* Build configuration list for PBXNativeTarget "DeskFun X Tests" */ = {
			isa = XCConfigurationList;
			buildConfigurations = (
				835E17AD1B1B9CF0004A981E /* Debug */,
				835E17AE1B1B9CF0004A981E /* Release */,
			);
			defaultConfigurationIsVisible = 0;
			defaultConfigurationName = Release;
		};
		83D4A53219EC436800AA73A0 /* Build configuration list for PBXProject "DeskFun X" */ = {
			isa = XCConfigurationList;
			buildConfigurations = (
				83D4A55219EC436900AA73A0 /* Debug */,
				83D4A55319EC436900AA73A0 /* Release */,
			);
			defaultConfigurationIsVisible = 0;
			defaultConfigurationName = Release;
		};
		83D4A55419EC436900AA73A0 /* Build configuration list for PBXNativeTarget "DeskFun X" */ = {
			isa = XCConfigurationList;
			buildConfigurations = (
				83D4A55519EC436900AA73A0 /* Debug */,
				83D4A55619EC436900AA73A0 /* Release */,
			);
			defaultConfigurationIsVisible = 0;
			defaultConfigurationName = Release;
		};
/* End XCConfigurationList section */
	};
	rootObject = 83D4A52F19EC436800AA73A0 /* Project object */;
}
